
Microsoft Visual Studio Solution File, Format Version 12.00
# Visual Studio Version 17
VisualStudioVersion = 17.0.31903.59
MinimumVisualStudioVersion = 10.0.40219.1
Project("{2150E333-8FDC-42A3-9474-1A3956D46DE8}") = "src", "src", "{827E0CD3-B72D-47B6-A68D-7590B98EB39B}"
EndProject
Project("{2150E333-8FDC-42A3-9474-1A3956D46DE8}") = "Gateway", "Gateway", "{6306A8FB-679E-111F-6585-8F70E0EE6013}"
EndProject
Project("{FAE04EC0-301F-11D3-BF4B-00C04F79EFBC}") = "ApiGateway.Yarp", "src\Gateway\ApiGateway.Yarp\ApiGateway.Yarp.csproj", "{91086277-A355-4B63-A02E-911F18AD461D}"
EndProject
Project("{2150E333-8FDC-42A3-9474-1A3956D46DE8}") = "Shared", "Shared", "{C8E42992-5E42-0C2B-DBFE-AA848D06431C}"
EndProject
Project("{FAE04EC0-301F-11D3-BF4B-00C04F79EFBC}") = "Infrastructure.Shared", "src\Shared\Infrastructure.Shared\Infrastructure.Shared.csproj", "{25B4B2A3-D853-4DC2-BFFA-F83FD7D3C1FB}"
EndProject
Project("{FAE04EC0-301F-11D3-BF4B-00C04F79EFBC}") = "Messaging.Shared", "src\Shared\Messaging.Shared\Messaging.Shared.csproj", "{02024736-B275-4555-9224-E8666D15D3F6}"
EndProject
Project("{FAE04EC0-301F-11D3-BF4B-00C04F79EFBC}") = "Domain.Shared", "src\Shared\Domain.Shared\Domain.Shared.csproj", "{1D76CFC6-2087-43DD-A548-B7F8D1FFA425}"
EndProject
Project("{2150E333-8FDC-42A3-9474-1A3956D46DE8}") = "Services", "Services", "{984BB9B3-3FA3-BE33-9484-CAC21695A33C}"
EndProject
Project("{2150E333-8FDC-42A3-9474-1A3956D46DE8}") = "UserService", "UserService", "{A52FF9A7-1006-A729-7F26-021652E10080}"
EndProject
Project("{FAE04EC0-301F-11D3-BF4B-00C04F79EFBC}") = "UserService.API", "src\Services\UserService\UserService.API\UserService.API.csproj", "{B38331A7-306B-4C5A-9BEC-FC47B43DED61}"
EndProject
Project("{FAE04EC0-301F-11D3-BF4B-00C04F79EFBC}") = "UserService.Application", "src\Services\UserService\UserService.Application\UserService.Application.csproj", "{54D18862-E37F-4679-9526-2835F79E4987}"
EndProject
Project("{FAE04EC0-301F-11D3-BF4B-00C04F79EFBC}") = "UserService.Infrastructure", "src\Services\UserService\UserService.Infrastructure\UserService.Infrastructure.csproj", "{1DFFA3CE-F029-4695-AB9B-E2D852C5427A}"
EndProject
Project("{FAE04EC0-301F-11D3-BF4B-00C04F79EFBC}") = "UserService.Domain", "src\Services\UserService\UserService.Domain\UserService.Domain.csproj", "{4ED83033-90E5-4620-B9C3-8DC3E99A2F0B}"
EndProject
Project("{2150E333-8FDC-42A3-9474-1A3956D46DE8}") = "TripService", "TripService", "{31759427-4822-89CE-A13C-D1B7D539730B}"
EndProject
Project("{FAE04EC0-301F-11D3-BF4B-00C04F79EFBC}") = "TripService.API", "src\Services\TripService\TripService.API\TripService.API.csproj", "{C9D1BBC6-7EBA-454B-BDB0-B4197FA6CE5B}"
EndProject
Project("{FAE04EC0-301F-11D3-BF4B-00C04F79EFBC}") = "TripService.Application", "src\Services\TripService\TripService.Application\TripService.Application.csproj", "{FACC4644-BC37-42A6-B09B-A40B83FF767F}"
EndProject
Project("{FAE04EC0-301F-11D3-BF4B-00C04F79EFBC}") = "TripService.Infrastructure", "src\Services\TripService\TripService.Infrastructure\TripService.Infrastructure.csproj", "{B4BA7038-A14E-4A54-87CA-85C713E4A1E0}"
EndProject
Project("{FAE04EC0-301F-11D3-BF4B-00C04F79EFBC}") = "TripService.Domain", "src\Services\TripService\TripService.Domain\TripService.Domain.csproj", "{30448573-5632-4FC7-97F9-E60400A223ED}"
EndProject
Project("{2150E333-8FDC-42A3-9474-1A3956D46DE8}") = "TicketService", "TicketService", "{79F7AB5B-C9C6-E880-12F2-EE4F8E7FAECD}"
EndProject
Project("{FAE04EC0-301F-11D3-BF4B-00C04F79EFBC}") = "TicketService.API", "src\Services\TicketService\TicketService.API\TicketService.API.csproj", "{EF1A26B8-AA9C-4EA4-BD94-1674B14FC0D7}"
EndProject
Project("{FAE04EC0-301F-11D3-BF4B-00C04F79EFBC}") = "TicketService.Application", "src\Services\TicketService\TicketService.Application\TicketService.Application.csproj", "{0A45E71B-DCB5-4582-847C-5D67FCA97A84}"
EndProject
Project("{FAE04EC0-301F-11D3-BF4B-00C04F79EFBC}") = "TicketService.Infrastructure", "src\Services\TicketService\TicketService.Infrastructure\TicketService.Infrastructure.csproj", "{043E7058-ECCF-43D5-A194-B758B8DA6AB8}"
EndProject
Project("{FAE04EC0-301F-11D3-BF4B-00C04F79EFBC}") = "TicketService.Domain", "src\Services\TicketService\TicketService.Domain\TicketService.Domain.csproj", "{B893D741-A9D9-46ED-A531-1F53A7292C9F}"
EndProject
Project("{2150E333-8FDC-42A3-9474-1A3956D46DE8}") = "PaymentService", "PaymentService", "{40CB294E-2A2C-AA7D-5466-10F40F0DAD4F}"
EndProject
Project("{FAE04EC0-301F-11D3-BF4B-00C04F79EFBC}") = "PaymentService.API", "src\Services\PaymentService\PaymentService.API\PaymentService.API.csproj", "{F6B92B43-DD13-4C55-8B27-9A332748822C}"
EndProject
Project("{FAE04EC0-301F-11D3-BF4B-00C04F79EFBC}") = "PaymentService.Application", "src\Services\PaymentService\PaymentService.Application\PaymentService.Application.csproj", "{853AB99E-D5B7-4447-9B8F-68C7D34BA024}"
EndProject
Project("{FAE04EC0-301F-11D3-BF4B-00C04F79EFBC}") = "PaymentService.Infrastructure", "src\Services\PaymentService\PaymentService.Infrastructure\PaymentService.Infrastructure.csproj", "{815AE7BE-47FE-4370-9627-8EB358592284}"
EndProject
Project("{FAE04EC0-301F-11D3-BF4B-00C04F79EFBC}") = "PaymentService.Domain", "src\Services\PaymentService\PaymentService.Domain\PaymentService.Domain.csproj", "{9ED58787-3769-4626-9E3D-A9D7DC04628C}"
EndProject
Project("{2150E333-8FDC-42A3-9474-1A3956D46DE8}") = "OrderService", "OrderService", "{F5625D22-DF6D-6E20-0384-6B2F7CAD8697}"
EndProject
Project("{FAE04EC0-301F-11D3-BF4B-00C04F79EFBC}") = "OrderService.API", "src\Services\OrderService\OrderService.API\OrderService.API.csproj", "{C6504942-3FC3-421D-95FE-0E84D4B16C0A}"
EndProject
Project("{FAE04EC0-301F-11D3-BF4B-00C04F79EFBC}") = "OrderService.Application", "src\Services\OrderService\OrderService.Application\OrderService.Application.csproj", "{F3AB1985-E957-4207-99A3-4FD323A43350}"
EndProject
Project("{FAE04EC0-301F-11D3-BF4B-00C04F79EFBC}") = "OrderService.Infrastructure", "src\Services\OrderService\OrderService.Infrastructure\OrderService.Infrastructure.csproj", "{450C904B-7076-46AE-A198-4E3C08529B13}"
EndProject
Project("{FAE04EC0-301F-11D3-BF4B-00C04F79EFBC}") = "OrderService.Domain", "src\Services\OrderService\OrderService.Domain\OrderService.Domain.csproj", "{E0518888-30CF-4F97-9B7C-F8FBE60DF331}"
EndProject
Project("{2150E333-8FDC-42A3-9474-1A3956D46DE8}") = "NotificationService", "NotificationService", "{47931FAB-DBE1-FD8F-0AFF-2CD4B99C52C4}"
EndProject
Project("{FAE04EC0-301F-11D3-BF4B-00C04F79EFBC}") = "NotificationService.API", "src\Services\NotificationService\NotificationService.API\NotificationService.API.csproj", "{74229E94-B9E6-4ADB-A51A-91D68206E3CA}"
EndProject
Project("{FAE04EC0-301F-11D3-BF4B-00C04F79EFBC}") = "NotificationService.Application", "src\Services\NotificationService\NotificationService.Application\NotificationService.Application.csproj", "{4928A2BB-D397-4A2D-A4F4-CC7FCA8041BD}"
EndProject
Project("{FAE04EC0-301F-11D3-BF4B-00C04F79EFBC}") = "NotificationService.Infrastructure", "src\Services\NotificationService\NotificationService.Infrastructure\NotificationService.Infrastructure.csproj", "{871B15E4-8E97-4C82-89F8-21625C437BB3}"
EndProject
Project("{FAE04EC0-301F-11D3-BF4B-00C04F79EFBC}") = "NotificationService.Domain", "src\Services\NotificationService\NotificationService.Domain\NotificationService.Domain.csproj", "{443A8E7C-CD4B-401C-827C-16E8B92BB8B9}"
EndProject
Project("{2150E333-8FDC-42A3-9474-1A3956D46DE8}") = "AnalyticsService", "AnalyticsService", "{3B0F8DB9-7541-6E0F-3186-D4323088E4C2}"
EndProject
Project("{FAE04EC0-301F-11D3-BF4B-00C04F79EFBC}") = "AnalyticsService.API", "src\Services\AnalyticsService\AnalyticsService.API\AnalyticsService.API.csproj", "{94ACF8F2-971D-4E48-9A71-C1E2B5E4F6AD}"
EndProject
Project("{FAE04EC0-301F-11D3-BF4B-00C04F79EFBC}") = "AnalyticsService.Application", "src\Services\AnalyticsService\AnalyticsService.Application\AnalyticsService.Application.csproj", "{A6D032C4-F886-46F0-BCCB-259F41A81B92}"
EndProject
Project("{FAE04EC0-301F-11D3-BF4B-00C04F79EFBC}") = "AnalyticsService.Infrastructure", "src\Services\AnalyticsService\AnalyticsService.Infrastructure\AnalyticsService.Infrastructure.csproj", "{F4CC5DC4-8AB2-4B92-BB30-40982BDD3519}"
EndProject
Project("{FAE04EC0-301F-11D3-BF4B-00C04F79EFBC}") = "AnalyticsService.Domain", "src\Services\AnalyticsService\AnalyticsService.Domain\AnalyticsService.Domain.csproj", "{6F8A4169-1CA1-447E-95F7-8BD0838C82C0}"
EndProject
Project("{2150E333-8FDC-42A3-9474-1A3956D46DE8}") = "RailwayConnectorService", "RailwayConnectorService", "{4D24BFC3-EDA7-F64F-2D32-7D150918E918}"
EndProject
Project("{FAE04EC0-301F-11D3-BF4B-00C04F79EFBC}") = "RailwayConnectorService.API", "src\Services\RailwayConnectorService\RailwayConnectorService.API\RailwayConnectorService.API.csproj", "{3AB561AF-252F-4F69-9670-67794A69A7E1}"
EndProject
Project("{FAE04EC0-301F-11D3-BF4B-00C04F79EFBC}") = "RailwayConnectorService.Application", "src\Services\RailwayConnectorService\RailwayConnectorService.Application\RailwayConnectorService.Application.csproj", "{5753FC13-05AC-414F-B2B2-F2EFB8EDEC6F}"
EndProject
Project("{FAE04EC0-301F-11D3-BF4B-00C04F79EFBC}") = "RailwayConnectorService.Infrastructure", "src\Services\RailwayConnectorService\RailwayConnectorService.Infrastructure\RailwayConnectorService.Infrastructure.csproj", "{76A83564-4F32-4CC0-9F33-F4E56FC04497}"
EndProject
Project("{FAE04EC0-301F-11D3-BF4B-00C04F79EFBC}") = "RailwayConnectorService.Contracts", "src\Services\RailwayConnectorService\RailwayConnectorService.Contracts\RailwayConnectorService.Contracts.csproj", "{639B8522-5DB3-4B21-A916-CDACC472C327}"
EndProject
Global
	GlobalSection(SolutionConfigurationPlatforms) = preSolution
		Debug|Any CPU = Debug|Any CPU
		Debug|x64 = Debug|x64
		Debug|x86 = Debug|x86
		Release|Any CPU = Release|Any CPU
		Release|x64 = Release|x64
		Release|x86 = Release|x86
	EndGlobalSection
	GlobalSection(ProjectConfigurationPlatforms) = postSolution
		{91086277-A355-4B63-A02E-911F18AD461D}.Debug|Any CPU.ActiveCfg = Debug|Any CPU
		{91086277-A355-4B63-A02E-911F18AD461D}.Debug|Any CPU.Build.0 = Debug|Any CPU
		{91086277-A355-4B63-A02E-911F18AD461D}.Debug|x64.ActiveCfg = Debug|Any CPU
		{91086277-A355-4B63-A02E-911F18AD461D}.Debug|x64.Build.0 = Debug|Any CPU
		{91086277-A355-4B63-A02E-911F18AD461D}.Debug|x86.ActiveCfg = Debug|Any CPU
		{91086277-A355-4B63-A02E-911F18AD461D}.Debug|x86.Build.0 = Debug|Any CPU
		{91086277-A355-4B63-A02E-911F18AD461D}.Release|Any CPU.ActiveCfg = Release|Any CPU
		{91086277-A355-4B63-A02E-911F18AD461D}.Release|Any CPU.Build.0 = Release|Any CPU
		{91086277-A355-4B63-A02E-911F18AD461D}.Release|x64.ActiveCfg = Release|Any CPU
		{91086277-A355-4B63-A02E-911F18AD461D}.Release|x64.Build.0 = Release|Any CPU
		{91086277-A355-4B63-A02E-911F18AD461D}.Release|x86.ActiveCfg = Release|Any CPU
		{91086277-A355-4B63-A02E-911F18AD461D}.Release|x86.Build.0 = Release|Any CPU
		{25B4B2A3-D853-4DC2-BFFA-F83FD7D3C1FB}.Debug|Any CPU.ActiveCfg = Debug|Any CPU
		{25B4B2A3-D853-4DC2-BFFA-F83FD7D3C1FB}.Debug|Any CPU.Build.0 = Debug|Any CPU
		{25B4B2A3-D853-4DC2-BFFA-F83FD7D3C1FB}.Debug|x64.ActiveCfg = Debug|Any CPU
		{25B4B2A3-D853-4DC2-BFFA-F83FD7D3C1FB}.Debug|x64.Build.0 = Debug|Any CPU
		{25B4B2A3-D853-4DC2-BFFA-F83FD7D3C1FB}.Debug|x86.ActiveCfg = Debug|Any CPU
		{25B4B2A3-D853-4DC2-BFFA-F83FD7D3C1FB}.Debug|x86.Build.0 = Debug|Any CPU
		{25B4B2A3-D853-4DC2-BFFA-F83FD7D3C1FB}.Release|Any CPU.ActiveCfg = Release|Any CPU
		{25B4B2A3-D853-4DC2-BFFA-F83FD7D3C1FB}.Release|Any CPU.Build.0 = Release|Any CPU
		{25B4B2A3-D853-4DC2-BFFA-F83FD7D3C1FB}.Release|x64.ActiveCfg = Release|Any CPU
		{25B4B2A3-D853-4DC2-BFFA-F83FD7D3C1FB}.Release|x64.Build.0 = Release|Any CPU
		{25B4B2A3-D853-4DC2-BFFA-F83FD7D3C1FB}.Release|x86.ActiveCfg = Release|Any CPU
		{25B4B2A3-D853-4DC2-BFFA-F83FD7D3C1FB}.Release|x86.Build.0 = Release|Any CPU
		{02024736-B275-4555-9224-E8666D15D3F6}.Debug|Any CPU.ActiveCfg = Debug|Any CPU
		{02024736-B275-4555-9224-E8666D15D3F6}.Debug|Any CPU.Build.0 = Debug|Any CPU
		{02024736-B275-4555-9224-E8666D15D3F6}.Debug|x64.ActiveCfg = Debug|Any CPU
		{02024736-B275-4555-9224-E8666D15D3F6}.Debug|x64.Build.0 = Debug|Any CPU
		{02024736-B275-4555-9224-E8666D15D3F6}.Debug|x86.ActiveCfg = Debug|Any CPU
		{02024736-B275-4555-9224-E8666D15D3F6}.Debug|x86.Build.0 = Debug|Any CPU
		{02024736-B275-4555-9224-E8666D15D3F6}.Release|Any CPU.ActiveCfg = Release|Any CPU
		{02024736-B275-4555-9224-E8666D15D3F6}.Release|Any CPU.Build.0 = Release|Any CPU
		{02024736-B275-4555-9224-E8666D15D3F6}.Release|x64.ActiveCfg = Release|Any CPU
		{02024736-B275-4555-9224-E8666D15D3F6}.Release|x64.Build.0 = Release|Any CPU
		{02024736-B275-4555-9224-E8666D15D3F6}.Release|x86.ActiveCfg = Release|Any CPU
		{02024736-B275-4555-9224-E8666D15D3F6}.Release|x86.Build.0 = Release|Any CPU
		{1D76CFC6-2087-43DD-A548-B7F8D1FFA425}.Debug|Any CPU.ActiveCfg = Debug|Any CPU
		{1D76CFC6-2087-43DD-A548-B7F8D1FFA425}.Debug|Any CPU.Build.0 = Debug|Any CPU
		{1D76CFC6-2087-43DD-A548-B7F8D1FFA425}.Debug|x64.ActiveCfg = Debug|Any CPU
		{1D76CFC6-2087-43DD-A548-B7F8D1FFA425}.Debug|x64.Build.0 = Debug|Any CPU
		{1D76CFC6-2087-43DD-A548-B7F8D1FFA425}.Debug|x86.ActiveCfg = Debug|Any CPU
		{1D76CFC6-2087-43DD-A548-B7F8D1FFA425}.Debug|x86.Build.0 = Debug|Any CPU
		{1D76CFC6-2087-43DD-A548-B7F8D1FFA425}.Release|Any CPU.ActiveCfg = Release|Any CPU
		{1D76CFC6-2087-43DD-A548-B7F8D1FFA425}.Release|Any CPU.Build.0 = Release|Any CPU
		{1D76CFC6-2087-43DD-A548-B7F8D1FFA425}.Release|x64.ActiveCfg = Release|Any CPU
		{1D76CFC6-2087-43DD-A548-B7F8D1FFA425}.Release|x64.Build.0 = Release|Any CPU
		{1D76CFC6-2087-43DD-A548-B7F8D1FFA425}.Release|x86.ActiveCfg = Release|Any CPU
		{1D76CFC6-2087-43DD-A548-B7F8D1FFA425}.Release|x86.Build.0 = Release|Any CPU
		{B38331A7-306B-4C5A-9BEC-FC47B43DED61}.Debug|Any CPU.ActiveCfg = Debug|Any CPU
		{B38331A7-306B-4C5A-9BEC-FC47B43DED61}.Debug|Any CPU.Build.0 = Debug|Any CPU
		{B38331A7-306B-4C5A-9BEC-FC47B43DED61}.Debug|x64.ActiveCfg = Debug|Any CPU
		{B38331A7-306B-4C5A-9BEC-FC47B43DED61}.Debug|x64.Build.0 = Debug|Any CPU
		{B38331A7-306B-4C5A-9BEC-FC47B43DED61}.Debug|x86.ActiveCfg = Debug|Any CPU
		{B38331A7-306B-4C5A-9BEC-FC47B43DED61}.Debug|x86.Build.0 = Debug|Any CPU
		{B38331A7-306B-4C5A-9BEC-FC47B43DED61}.Release|Any CPU.ActiveCfg = Release|Any CPU
		{B38331A7-306B-4C5A-9BEC-FC47B43DED61}.Release|Any CPU.Build.0 = Release|Any CPU
		{B38331A7-306B-4C5A-9BEC-FC47B43DED61}.Release|x64.ActiveCfg = Release|Any CPU
		{B38331A7-306B-4C5A-9BEC-FC47B43DED61}.Release|x64.Build.0 = Release|Any CPU
		{B38331A7-306B-4C5A-9BEC-FC47B43DED61}.Release|x86.ActiveCfg = Release|Any CPU
		{B38331A7-306B-4C5A-9BEC-FC47B43DED61}.Release|x86.Build.0 = Release|Any CPU
		{54D18862-E37F-4679-9526-2835F79E4987}.Debug|Any CPU.ActiveCfg = Debug|Any CPU
		{54D18862-E37F-4679-9526-2835F79E4987}.Debug|Any CPU.Build.0 = Debug|Any CPU
		{54D18862-E37F-4679-9526-2835F79E4987}.Debug|x64.ActiveCfg = Debug|Any CPU
		{54D18862-E37F-4679-9526-2835F79E4987}.Debug|x64.Build.0 = Debug|Any CPU
		{54D18862-E37F-4679-9526-2835F79E4987}.Debug|x86.ActiveCfg = Debug|Any CPU
		{54D18862-E37F-4679-9526-2835F79E4987}.Debug|x86.Build.0 = Debug|Any CPU
		{54D18862-E37F-4679-9526-2835F79E4987}.Release|Any CPU.ActiveCfg = Release|Any CPU
		{54D18862-E37F-4679-9526-2835F79E4987}.Release|Any CPU.Build.0 = Release|Any CPU
		{54D18862-E37F-4679-9526-2835F79E4987}.Release|x64.ActiveCfg = Release|Any CPU
		{54D18862-E37F-4679-9526-2835F79E4987}.Release|x64.Build.0 = Release|Any CPU
		{54D18862-E37F-4679-9526-2835F79E4987}.Release|x86.ActiveCfg = Release|Any CPU
		{54D18862-E37F-4679-9526-2835F79E4987}.Release|x86.Build.0 = Release|Any CPU
		{1DFFA3CE-F029-4695-AB9B-E2D852C5427A}.Debug|Any CPU.ActiveCfg = Debug|Any CPU
		{1DFFA3CE-F029-4695-AB9B-E2D852C5427A}.Debug|Any CPU.Build.0 = Debug|Any CPU
		{1DFFA3CE-F029-4695-AB9B-E2D852C5427A}.Debug|x64.ActiveCfg = Debug|Any CPU
		{1DFFA3CE-F029-4695-AB9B-E2D852C5427A}.Debug|x64.Build.0 = Debug|Any CPU
		{1DFFA3CE-F029-4695-AB9B-E2D852C5427A}.Debug|x86.ActiveCfg = Debug|Any CPU
		{1DFFA3CE-F029-4695-AB9B-E2D852C5427A}.Debug|x86.Build.0 = Debug|Any CPU
		{1DFFA3CE-F029-4695-AB9B-E2D852C5427A}.Release|Any CPU.ActiveCfg = Release|Any CPU
		{1DFFA3CE-F029-4695-AB9B-E2D852C5427A}.Release|Any CPU.Build.0 = Release|Any CPU
		{1DFFA3CE-F029-4695-AB9B-E2D852C5427A}.Release|x64.ActiveCfg = Release|Any CPU
		{1DFFA3CE-F029-4695-AB9B-E2D852C5427A}.Release|x64.Build.0 = Release|Any CPU
		{1DFFA3CE-F029-4695-AB9B-E2D852C5427A}.Release|x86.ActiveCfg = Release|Any CPU
		{1DFFA3CE-F029-4695-AB9B-E2D852C5427A}.Release|x86.Build.0 = Release|Any CPU
		{4ED83033-90E5-4620-B9C3-8DC3E99A2F0B}.Debug|Any CPU.ActiveCfg = Debug|Any CPU
		{4ED83033-90E5-4620-B9C3-8DC3E99A2F0B}.Debug|Any CPU.Build.0 = Debug|Any CPU
		{4ED83033-90E5-4620-B9C3-8DC3E99A2F0B}.Debug|x64.ActiveCfg = Debug|Any CPU
		{4ED83033-90E5-4620-B9C3-8DC3E99A2F0B}.Debug|x64.Build.0 = Debug|Any CPU
		{4ED83033-90E5-4620-B9C3-8DC3E99A2F0B}.Debug|x86.ActiveCfg = Debug|Any CPU
		{4ED83033-90E5-4620-B9C3-8DC3E99A2F0B}.Debug|x86.Build.0 = Debug|Any CPU
		{4ED83033-90E5-4620-B9C3-8DC3E99A2F0B}.Release|Any CPU.ActiveCfg = Release|Any CPU
		{4ED83033-90E5-4620-B9C3-8DC3E99A2F0B}.Release|Any CPU.Build.0 = Release|Any CPU
		{4ED83033-90E5-4620-B9C3-8DC3E99A2F0B}.Release|x64.ActiveCfg = Release|Any CPU
		{4ED83033-90E5-4620-B9C3-8DC3E99A2F0B}.Release|x64.Build.0 = Release|Any CPU
		{4ED83033-90E5-4620-B9C3-8DC3E99A2F0B}.Release|x86.ActiveCfg = Release|Any CPU
		{4ED83033-90E5-4620-B9C3-8DC3E99A2F0B}.Release|x86.Build.0 = Release|Any CPU
		{C9D1BBC6-7EBA-454B-BDB0-B4197FA6CE5B}.Debug|Any CPU.ActiveCfg = Debug|Any CPU
		{C9D1BBC6-7EBA-454B-BDB0-B4197FA6CE5B}.Debug|Any CPU.Build.0 = Debug|Any CPU
		{C9D1BBC6-7EBA-454B-BDB0-B4197FA6CE5B}.Debug|x64.ActiveCfg = Debug|Any CPU
		{C9D1BBC6-7EBA-454B-BDB0-B4197FA6CE5B}.Debug|x64.Build.0 = Debug|Any CPU
		{C9D1BBC6-7EBA-454B-BDB0-B4197FA6CE5B}.Debug|x86.ActiveCfg = Debug|Any CPU
		{C9D1BBC6-7EBA-454B-BDB0-B4197FA6CE5B}.Debug|x86.Build.0 = Debug|Any CPU
		{C9D1BBC6-7EBA-454B-BDB0-B4197FA6CE5B}.Release|Any CPU.ActiveCfg = Release|Any CPU
		{C9D1BBC6-7EBA-454B-BDB0-B4197FA6CE5B}.Release|Any CPU.Build.0 = Release|Any CPU
		{C9D1BBC6-7EBA-454B-BDB0-B4197FA6CE5B}.Release|x64.ActiveCfg = Release|Any CPU
		{C9D1BBC6-7EBA-454B-BDB0-B4197FA6CE5B}.Release|x64.Build.0 = Release|Any CPU
		{C9D1BBC6-7EBA-454B-BDB0-B4197FA6CE5B}.Release|x86.ActiveCfg = Release|Any CPU
		{C9D1BBC6-7EBA-454B-BDB0-B4197FA6CE5B}.Release|x86.Build.0 = Release|Any CPU
		{FACC4644-BC37-42A6-B09B-A40B83FF767F}.Debug|Any CPU.ActiveCfg = Debug|Any CPU
		{FACC4644-BC37-42A6-B09B-A40B83FF767F}.Debug|Any CPU.Build.0 = Debug|Any CPU
		{FACC4644-BC37-42A6-B09B-A40B83FF767F}.Debug|x64.ActiveCfg = Debug|Any CPU
		{FACC4644-BC37-42A6-B09B-A40B83FF767F}.Debug|x64.Build.0 = Debug|Any CPU
		{FACC4644-BC37-42A6-B09B-A40B83FF767F}.Debug|x86.ActiveCfg = Debug|Any CPU
		{FACC4644-BC37-42A6-B09B-A40B83FF767F}.Debug|x86.Build.0 = Debug|Any CPU
		{FACC4644-BC37-42A6-B09B-A40B83FF767F}.Release|Any CPU.ActiveCfg = Release|Any CPU
		{FACC4644-BC37-42A6-B09B-A40B83FF767F}.Release|Any CPU.Build.0 = Release|Any CPU
		{FACC4644-BC37-42A6-B09B-A40B83FF767F}.Release|x64.ActiveCfg = Release|Any CPU
		{FACC4644-BC37-42A6-B09B-A40B83FF767F}.Release|x64.Build.0 = Release|Any CPU
		{FACC4644-BC37-42A6-B09B-A40B83FF767F}.Release|x86.ActiveCfg = Release|Any CPU
		{FACC4644-BC37-42A6-B09B-A40B83FF767F}.Release|x86.Build.0 = Release|Any CPU
		{B4BA7038-A14E-4A54-87CA-85C713E4A1E0}.Debug|Any CPU.ActiveCfg = Debug|Any CPU
		{B4BA7038-A14E-4A54-87CA-85C713E4A1E0}.Debug|Any CPU.Build.0 = Debug|Any CPU
		{B4BA7038-A14E-4A54-87CA-85C713E4A1E0}.Debug|x64.ActiveCfg = Debug|Any CPU
		{B4BA7038-A14E-4A54-87CA-85C713E4A1E0}.Debug|x64.Build.0 = Debug|Any CPU
		{B4BA7038-A14E-4A54-87CA-85C713E4A1E0}.Debug|x86.ActiveCfg = Debug|Any CPU
		{B4BA7038-A14E-4A54-87CA-85C713E4A1E0}.Debug|x86.Build.0 = Debug|Any CPU
		{B4BA7038-A14E-4A54-87CA-85C713E4A1E0}.Release|Any CPU.ActiveCfg = Release|Any CPU
		{B4BA7038-A14E-4A54-87CA-85C713E4A1E0}.Release|Any CPU.Build.0 = Release|Any CPU
		{B4BA7038-A14E-4A54-87CA-85C713E4A1E0}.Release|x64.ActiveCfg = Release|Any CPU
		{B4BA7038-A14E-4A54-87CA-85C713E4A1E0}.Release|x64.Build.0 = Release|Any CPU
		{B4BA7038-A14E-4A54-87CA-85C713E4A1E0}.Release|x86.ActiveCfg = Release|Any CPU
		{B4BA7038-A14E-4A54-87CA-85C713E4A1E0}.Release|x86.Build.0 = Release|Any CPU
		{30448573-5632-4FC7-97F9-E60400A223ED}.Debug|Any CPU.ActiveCfg = Debug|Any CPU
		{30448573-5632-4FC7-97F9-E60400A223ED}.Debug|Any CPU.Build.0 = Debug|Any CPU
		{30448573-5632-4FC7-97F9-E60400A223ED}.Debug|x64.ActiveCfg = Debug|Any CPU
		{30448573-5632-4FC7-97F9-E60400A223ED}.Debug|x64.Build.0 = Debug|Any CPU
		{30448573-5632-4FC7-97F9-E60400A223ED}.Debug|x86.ActiveCfg = Debug|Any CPU
		{30448573-5632-4FC7-97F9-E60400A223ED}.Debug|x86.Build.0 = Debug|Any CPU
		{30448573-5632-4FC7-97F9-E60400A223ED}.Release|Any CPU.ActiveCfg = Release|Any CPU
		{30448573-5632-4FC7-97F9-E60400A223ED}.Release|Any CPU.Build.0 = Release|Any CPU
		{30448573-5632-4FC7-97F9-E60400A223ED}.Release|x64.ActiveCfg = Release|Any CPU
		{30448573-5632-4FC7-97F9-E60400A223ED}.Release|x64.Build.0 = Release|Any CPU
		{30448573-5632-4FC7-97F9-E60400A223ED}.Release|x86.ActiveCfg = Release|Any CPU
		{30448573-5632-4FC7-97F9-E60400A223ED}.Release|x86.Build.0 = Release|Any CPU
		{EF1A26B8-AA9C-4EA4-BD94-1674B14FC0D7}.Debug|Any CPU.ActiveCfg = Debug|Any CPU
		{EF1A26B8-AA9C-4EA4-BD94-1674B14FC0D7}.Debug|Any CPU.Build.0 = Debug|Any CPU
		{EF1A26B8-AA9C-4EA4-BD94-1674B14FC0D7}.Debug|x64.ActiveCfg = Debug|Any CPU
		{EF1A26B8-AA9C-4EA4-BD94-1674B14FC0D7}.Debug|x64.Build.0 = Debug|Any CPU
		{EF1A26B8-AA9C-4EA4-BD94-1674B14FC0D7}.Debug|x86.ActiveCfg = Debug|Any CPU
		{EF1A26B8-AA9C-4EA4-BD94-1674B14FC0D7}.Debug|x86.Build.0 = Debug|Any CPU
		{EF1A26B8-AA9C-4EA4-BD94-1674B14FC0D7}.Release|Any CPU.ActiveCfg = Release|Any CPU
		{EF1A26B8-AA9C-4EA4-BD94-1674B14FC0D7}.Release|Any CPU.Build.0 = Release|Any CPU
		{EF1A26B8-AA9C-4EA4-BD94-1674B14FC0D7}.Release|x64.ActiveCfg = Release|Any CPU
		{EF1A26B8-AA9C-4EA4-BD94-1674B14FC0D7}.Release|x64.Build.0 = Release|Any CPU
		{EF1A26B8-AA9C-4EA4-BD94-1674B14FC0D7}.Release|x86.ActiveCfg = Release|Any CPU
		{EF1A26B8-AA9C-4EA4-BD94-1674B14FC0D7}.Release|x86.Build.0 = Release|Any CPU
		{0A45E71B-DCB5-4582-847C-5D67FCA97A84}.Debug|Any CPU.ActiveCfg = Debug|Any CPU
		{0A45E71B-DCB5-4582-847C-5D67FCA97A84}.Debug|Any CPU.Build.0 = Debug|Any CPU
		{0A45E71B-DCB5-4582-847C-5D67FCA97A84}.Debug|x64.ActiveCfg = Debug|Any CPU
		{0A45E71B-DCB5-4582-847C-5D67FCA97A84}.Debug|x64.Build.0 = Debug|Any CPU
		{0A45E71B-DCB5-4582-847C-5D67FCA97A84}.Debug|x86.ActiveCfg = Debug|Any CPU
		{0A45E71B-DCB5-4582-847C-5D67FCA97A84}.Debug|x86.Build.0 = Debug|Any CPU
		{0A45E71B-DCB5-4582-847C-5D67FCA97A84}.Release|Any CPU.ActiveCfg = Release|Any CPU
		{0A45E71B-DCB5-4582-847C-5D67FCA97A84}.Release|Any CPU.Build.0 = Release|Any CPU
		{0A45E71B-DCB5-4582-847C-5D67FCA97A84}.Release|x64.ActiveCfg = Release|Any CPU
		{0A45E71B-DCB5-4582-847C-5D67FCA97A84}.Release|x64.Build.0 = Release|Any CPU
		{0A45E71B-DCB5-4582-847C-5D67FCA97A84}.Release|x86.ActiveCfg = Release|Any CPU
		{0A45E71B-DCB5-4582-847C-5D67FCA97A84}.Release|x86.Build.0 = Release|Any CPU
		{043E7058-ECCF-43D5-A194-B758B8DA6AB8}.Debug|Any CPU.ActiveCfg = Debug|Any CPU
		{043E7058-ECCF-43D5-A194-B758B8DA6AB8}.Debug|Any CPU.Build.0 = Debug|Any CPU
		{043E7058-ECCF-43D5-A194-B758B8DA6AB8}.Debug|x64.ActiveCfg = Debug|Any CPU
		{043E7058-ECCF-43D5-A194-B758B8DA6AB8}.Debug|x64.Build.0 = Debug|Any CPU
		{043E7058-ECCF-43D5-A194-B758B8DA6AB8}.Debug|x86.ActiveCfg = Debug|Any CPU
		{043E7058-ECCF-43D5-A194-B758B8DA6AB8}.Debug|x86.Build.0 = Debug|Any CPU
		{043E7058-ECCF-43D5-A194-B758B8DA6AB8}.Release|Any CPU.ActiveCfg = Release|Any CPU
		{043E7058-ECCF-43D5-A194-B758B8DA6AB8}.Release|Any CPU.Build.0 = Release|Any CPU
		{043E7058-ECCF-43D5-A194-B758B8DA6AB8}.Release|x64.ActiveCfg = Release|Any CPU
		{043E7058-ECCF-43D5-A194-B758B8DA6AB8}.Release|x64.Build.0 = Release|Any CPU
		{043E7058-ECCF-43D5-A194-B758B8DA6AB8}.Release|x86.ActiveCfg = Release|Any CPU
		{043E7058-ECCF-43D5-A194-B758B8DA6AB8}.Release|x86.Build.0 = Release|Any CPU
		{B893D741-A9D9-46ED-A531-1F53A7292C9F}.Debug|Any CPU.ActiveCfg = Debug|Any CPU
		{B893D741-A9D9-46ED-A531-1F53A7292C9F}.Debug|Any CPU.Build.0 = Debug|Any CPU
		{B893D741-A9D9-46ED-A531-1F53A7292C9F}.Debug|x64.ActiveCfg = Debug|Any CPU
		{B893D741-A9D9-46ED-A531-1F53A7292C9F}.Debug|x64.Build.0 = Debug|Any CPU
		{B893D741-A9D9-46ED-A531-1F53A7292C9F}.Debug|x86.ActiveCfg = Debug|Any CPU
		{B893D741-A9D9-46ED-A531-1F53A7292C9F}.Debug|x86.Build.0 = Debug|Any CPU
		{B893D741-A9D9-46ED-A531-1F53A7292C9F}.Release|Any CPU.ActiveCfg = Release|Any CPU
		{B893D741-A9D9-46ED-A531-1F53A7292C9F}.Release|Any CPU.Build.0 = Release|Any CPU
		{B893D741-A9D9-46ED-A531-1F53A7292C9F}.Release|x64.ActiveCfg = Release|Any CPU
		{B893D741-A9D9-46ED-A531-1F53A7292C9F}.Release|x64.Build.0 = Release|Any CPU
		{B893D741-A9D9-46ED-A531-1F53A7292C9F}.Release|x86.ActiveCfg = Release|Any CPU
		{B893D741-A9D9-46ED-A531-1F53A7292C9F}.Release|x86.Build.0 = Release|Any CPU
		{F6B92B43-DD13-4C55-8B27-9A332748822C}.Debug|Any CPU.ActiveCfg = Debug|Any CPU
		{F6B92B43-DD13-4C55-8B27-9A332748822C}.Debug|Any CPU.Build.0 = Debug|Any CPU
		{F6B92B43-DD13-4C55-8B27-9A332748822C}.Debug|x64.ActiveCfg = Debug|Any CPU
		{F6B92B43-DD13-4C55-8B27-9A332748822C}.Debug|x64.Build.0 = Debug|Any CPU
		{F6B92B43-DD13-4C55-8B27-9A332748822C}.Debug|x86.ActiveCfg = Debug|Any CPU
		{F6B92B43-DD13-4C55-8B27-9A332748822C}.Debug|x86.Build.0 = Debug|Any CPU
		{F6B92B43-DD13-4C55-8B27-9A332748822C}.Release|Any CPU.ActiveCfg = Release|Any CPU
		{F6B92B43-DD13-4C55-8B27-9A332748822C}.Release|Any CPU.Build.0 = Release|Any CPU
		{F6B92B43-DD13-4C55-8B27-9A332748822C}.Release|x64.ActiveCfg = Release|Any CPU
		{F6B92B43-DD13-4C55-8B27-9A332748822C}.Release|x64.Build.0 = Release|Any CPU
		{F6B92B43-DD13-4C55-8B27-9A332748822C}.Release|x86.ActiveCfg = Release|Any CPU
		{F6B92B43-DD13-4C55-8B27-9A332748822C}.Release|x86.Build.0 = Release|Any CPU
		{853AB99E-D5B7-4447-9B8F-68C7D34BA024}.Debug|Any CPU.ActiveCfg = Debug|Any CPU
		{853AB99E-D5B7-4447-9B8F-68C7D34BA024}.Debug|Any CPU.Build.0 = Debug|Any CPU
		{853AB99E-D5B7-4447-9B8F-68C7D34BA024}.Debug|x64.ActiveCfg = Debug|Any CPU
		{853AB99E-D5B7-4447-9B8F-68C7D34BA024}.Debug|x64.Build.0 = Debug|Any CPU
		{853AB99E-D5B7-4447-9B8F-68C7D34BA024}.Debug|x86.ActiveCfg = Debug|Any CPU
		{853AB99E-D5B7-4447-9B8F-68C7D34BA024}.Debug|x86.Build.0 = Debug|Any CPU
		{853AB99E-D5B7-4447-9B8F-68C7D34BA024}.Release|Any CPU.ActiveCfg = Release|Any CPU
		{853AB99E-D5B7-4447-9B8F-68C7D34BA024}.Release|Any CPU.Build.0 = Release|Any CPU
		{853AB99E-D5B7-4447-9B8F-68C7D34BA024}.Release|x64.ActiveCfg = Release|Any CPU
		{853AB99E-D5B7-4447-9B8F-68C7D34BA024}.Release|x64.Build.0 = Release|Any CPU
		{853AB99E-D5B7-4447-9B8F-68C7D34BA024}.Release|x86.ActiveCfg = Release|Any CPU
		{853AB99E-D5B7-4447-9B8F-68C7D34BA024}.Release|x86.Build.0 = Release|Any CPU
		{815AE7BE-47FE-4370-9627-8EB358592284}.Debug|Any CPU.ActiveCfg = Debug|Any CPU
		{815AE7BE-47FE-4370-9627-8EB358592284}.Debug|Any CPU.Build.0 = Debug|Any CPU
		{815AE7BE-47FE-4370-9627-8EB358592284}.Debug|x64.ActiveCfg = Debug|Any CPU
		{815AE7BE-47FE-4370-9627-8EB358592284}.Debug|x64.Build.0 = Debug|Any CPU
		{815AE7BE-47FE-4370-9627-8EB358592284}.Debug|x86.ActiveCfg = Debug|Any CPU
		{815AE7BE-47FE-4370-9627-8EB358592284}.Debug|x86.Build.0 = Debug|Any CPU
		{815AE7BE-47FE-4370-9627-8EB358592284}.Release|Any CPU.ActiveCfg = Release|Any CPU
		{815AE7BE-47FE-4370-9627-8EB358592284}.Release|Any CPU.Build.0 = Release|Any CPU
		{815AE7BE-47FE-4370-9627-8EB358592284}.Release|x64.ActiveCfg = Release|Any CPU
		{815AE7BE-47FE-4370-9627-8EB358592284}.Release|x64.Build.0 = Release|Any CPU
		{815AE7BE-47FE-4370-9627-8EB358592284}.Release|x86.ActiveCfg = Release|Any CPU
		{815AE7BE-47FE-4370-9627-8EB358592284}.Release|x86.Build.0 = Release|Any CPU
		{9ED58787-3769-4626-9E3D-A9D7DC04628C}.Debug|Any CPU.ActiveCfg = Debug|Any CPU
		{9ED58787-3769-4626-9E3D-A9D7DC04628C}.Debug|Any CPU.Build.0 = Debug|Any CPU
		{9ED58787-3769-4626-9E3D-A9D7DC04628C}.Debug|x64.ActiveCfg = Debug|Any CPU
		{9ED58787-3769-4626-9E3D-A9D7DC04628C}.Debug|x64.Build.0 = Debug|Any CPU
		{9ED58787-3769-4626-9E3D-A9D7DC04628C}.Debug|x86.ActiveCfg = Debug|Any CPU
		{9ED58787-3769-4626-9E3D-A9D7DC04628C}.Debug|x86.Build.0 = Debug|Any CPU
		{9ED58787-3769-4626-9E3D-A9D7DC04628C}.Release|Any CPU.ActiveCfg = Release|Any CPU
		{9ED58787-3769-4626-9E3D-A9D7DC04628C}.Release|Any CPU.Build.0 = Release|Any CPU
		{9ED58787-3769-4626-9E3D-A9D7DC04628C}.Release|x64.ActiveCfg = Release|Any CPU
		{9ED58787-3769-4626-9E3D-A9D7DC04628C}.Release|x64.Build.0 = Release|Any CPU
		{9ED58787-3769-4626-9E3D-A9D7DC04628C}.Release|x86.ActiveCfg = Release|Any CPU
		{9ED58787-3769-4626-9E3D-A9D7DC04628C}.Release|x86.Build.0 = Release|Any CPU
		{C6504942-3FC3-421D-95FE-0E84D4B16C0A}.Debug|Any CPU.ActiveCfg = Debug|Any CPU
		{C6504942-3FC3-421D-95FE-0E84D4B16C0A}.Debug|Any CPU.Build.0 = Debug|Any CPU
		{C6504942-3FC3-421D-95FE-0E84D4B16C0A}.Debug|x64.ActiveCfg = Debug|Any CPU
		{C6504942-3FC3-421D-95FE-0E84D4B16C0A}.Debug|x64.Build.0 = Debug|Any CPU
		{C6504942-3FC3-421D-95FE-0E84D4B16C0A}.Debug|x86.ActiveCfg = Debug|Any CPU
		{C6504942-3FC3-421D-95FE-0E84D4B16C0A}.Debug|x86.Build.0 = Debug|Any CPU
		{C6504942-3FC3-421D-95FE-0E84D4B16C0A}.Release|Any CPU.ActiveCfg = Release|Any CPU
		{C6504942-3FC3-421D-95FE-0E84D4B16C0A}.Release|Any CPU.Build.0 = Release|Any CPU
		{C6504942-3FC3-421D-95FE-0E84D4B16C0A}.Release|x64.ActiveCfg = Release|Any CPU
		{C6504942-3FC3-421D-95FE-0E84D4B16C0A}.Release|x64.Build.0 = Release|Any CPU
		{C6504942-3FC3-421D-95FE-0E84D4B16C0A}.Release|x86.ActiveCfg = Release|Any CPU
		{C6504942-3FC3-421D-95FE-0E84D4B16C0A}.Release|x86.Build.0 = Release|Any CPU
		{F3AB1985-E957-4207-99A3-4FD323A43350}.Debug|Any CPU.ActiveCfg = Debug|Any CPU
		{F3AB1985-E957-4207-99A3-4FD323A43350}.Debug|Any CPU.Build.0 = Debug|Any CPU
		{F3AB1985-E957-4207-99A3-4FD323A43350}.Debug|x64.ActiveCfg = Debug|Any CPU
		{F3AB1985-E957-4207-99A3-4FD323A43350}.Debug|x64.Build.0 = Debug|Any CPU
		{F3AB1985-E957-4207-99A3-4FD323A43350}.Debug|x86.ActiveCfg = Debug|Any CPU
		{F3AB1985-E957-4207-99A3-4FD323A43350}.Debug|x86.Build.0 = Debug|Any CPU
		{F3AB1985-E957-4207-99A3-4FD323A43350}.Release|Any CPU.ActiveCfg = Release|Any CPU
		{F3AB1985-E957-4207-99A3-4FD323A43350}.Release|Any CPU.Build.0 = Release|Any CPU
		{F3AB1985-E957-4207-99A3-4FD323A43350}.Release|x64.ActiveCfg = Release|Any CPU
		{F3AB1985-E957-4207-99A3-4FD323A43350}.Release|x64.Build.0 = Release|Any CPU
		{F3AB1985-E957-4207-99A3-4FD323A43350}.Release|x86.ActiveCfg = Release|Any CPU
		{F3AB1985-E957-4207-99A3-4FD323A43350}.Release|x86.Build.0 = Release|Any CPU
		{450C904B-7076-46AE-A198-4E3C08529B13}.Debug|Any CPU.ActiveCfg = Debug|Any CPU
		{450C904B-7076-46AE-A198-4E3C08529B13}.Debug|Any CPU.Build.0 = Debug|Any CPU
		{450C904B-7076-46AE-A198-4E3C08529B13}.Debug|x64.ActiveCfg = Debug|Any CPU
		{450C904B-7076-46AE-A198-4E3C08529B13}.Debug|x64.Build.0 = Debug|Any CPU
		{450C904B-7076-46AE-A198-4E3C08529B13}.Debug|x86.ActiveCfg = Debug|Any CPU
		{450C904B-7076-46AE-A198-4E3C08529B13}.Debug|x86.Build.0 = Debug|Any CPU
		{450C904B-7076-46AE-A198-4E3C08529B13}.Release|Any CPU.ActiveCfg = Release|Any CPU
		{450C904B-7076-46AE-A198-4E3C08529B13}.Release|Any CPU.Build.0 = Release|Any CPU
		{450C904B-7076-46AE-A198-4E3C08529B13}.Release|x64.ActiveCfg = Release|Any CPU
		{450C904B-7076-46AE-A198-4E3C08529B13}.Release|x64.Build.0 = Release|Any CPU
		{450C904B-7076-46AE-A198-4E3C08529B13}.Release|x86.ActiveCfg = Release|Any CPU
		{450C904B-7076-46AE-A198-4E3C08529B13}.Release|x86.Build.0 = Release|Any CPU
		{E0518888-30CF-4F97-9B7C-F8FBE60DF331}.Debug|Any CPU.ActiveCfg = Debug|Any CPU
		{E0518888-30CF-4F97-9B7C-F8FBE60DF331}.Debug|Any CPU.Build.0 = Debug|Any CPU
		{E0518888-30CF-4F97-9B7C-F8FBE60DF331}.Debug|x64.ActiveCfg = Debug|Any CPU
		{E0518888-30CF-4F97-9B7C-F8FBE60DF331}.Debug|x64.Build.0 = Debug|Any CPU
		{E0518888-30CF-4F97-9B7C-F8FBE60DF331}.Debug|x86.ActiveCfg = Debug|Any CPU
		{E0518888-30CF-4F97-9B7C-F8FBE60DF331}.Debug|x86.Build.0 = Debug|Any CPU
		{E0518888-30CF-4F97-9B7C-F8FBE60DF331}.Release|Any CPU.ActiveCfg = Release|Any CPU
		{E0518888-30CF-4F97-9B7C-F8FBE60DF331}.Release|Any CPU.Build.0 = Release|Any CPU
		{E0518888-30CF-4F97-9B7C-F8FBE60DF331}.Release|x64.ActiveCfg = Release|Any CPU
		{E0518888-30CF-4F97-9B7C-F8FBE60DF331}.Release|x64.Build.0 = Release|Any CPU
		{E0518888-30CF-4F97-9B7C-F8FBE60DF331}.Release|x86.ActiveCfg = Release|Any CPU
		{E0518888-30CF-4F97-9B7C-F8FBE60DF331}.Release|x86.Build.0 = Release|Any CPU
		{74229E94-B9E6-4ADB-A51A-91D68206E3CA}.Debug|Any CPU.ActiveCfg = Debug|Any CPU
		{74229E94-B9E6-4ADB-A51A-91D68206E3CA}.Debug|Any CPU.Build.0 = Debug|Any CPU
		{74229E94-B9E6-4ADB-A51A-91D68206E3CA}.Debug|x64.ActiveCfg = Debug|Any CPU
		{74229E94-B9E6-4ADB-A51A-91D68206E3CA}.Debug|x64.Build.0 = Debug|Any CPU
		{74229E94-B9E6-4ADB-A51A-91D68206E3CA}.Debug|x86.ActiveCfg = Debug|Any CPU
		{74229E94-B9E6-4ADB-A51A-91D68206E3CA}.Debug|x86.Build.0 = Debug|Any CPU
		{74229E94-B9E6-4ADB-A51A-91D68206E3CA}.Release|Any CPU.ActiveCfg = Release|Any CPU
		{74229E94-B9E6-4ADB-A51A-91D68206E3CA}.Release|Any CPU.Build.0 = Release|Any CPU
		{74229E94-B9E6-4ADB-A51A-91D68206E3CA}.Release|x64.ActiveCfg = Release|Any CPU
		{74229E94-B9E6-4ADB-A51A-91D68206E3CA}.Release|x64.Build.0 = Release|Any CPU
		{74229E94-B9E6-4ADB-A51A-91D68206E3CA}.Release|x86.ActiveCfg = Release|Any CPU
		{74229E94-B9E6-4ADB-A51A-91D68206E3CA}.Release|x86.Build.0 = Release|Any CPU
		{4928A2BB-D397-4A2D-A4F4-CC7FCA8041BD}.Debug|Any CPU.ActiveCfg = Debug|Any CPU
		{4928A2BB-D397-4A2D-A4F4-CC7FCA8041BD}.Debug|Any CPU.Build.0 = Debug|Any CPU
		{4928A2BB-D397-4A2D-A4F4-CC7FCA8041BD}.Debug|x64.ActiveCfg = Debug|Any CPU
		{4928A2BB-D397-4A2D-A4F4-CC7FCA8041BD}.Debug|x64.Build.0 = Debug|Any CPU
		{4928A2BB-D397-4A2D-A4F4-CC7FCA8041BD}.Debug|x86.ActiveCfg = Debug|Any CPU
		{4928A2BB-D397-4A2D-A4F4-CC7FCA8041BD}.Debug|x86.Build.0 = Debug|Any CPU
		{4928A2BB-D397-4A2D-A4F4-CC7FCA8041BD}.Release|Any CPU.ActiveCfg = Release|Any CPU
		{4928A2BB-D397-4A2D-A4F4-CC7FCA8041BD}.Release|Any CPU.Build.0 = Release|Any CPU
		{4928A2BB-D397-4A2D-A4F4-CC7FCA8041BD}.Release|x64.ActiveCfg = Release|Any CPU
		{4928A2BB-D397-4A2D-A4F4-CC7FCA8041BD}.Release|x64.Build.0 = Release|Any CPU
		{4928A2BB-D397-4A2D-A4F4-CC7FCA8041BD}.Release|x86.ActiveCfg = Release|Any CPU
		{4928A2BB-D397-4A2D-A4F4-CC7FCA8041BD}.Release|x86.Build.0 = Release|Any CPU
		{871B15E4-8E97-4C82-89F8-21625C437BB3}.Debug|Any CPU.ActiveCfg = Debug|Any CPU
		{871B15E4-8E97-4C82-89F8-21625C437BB3}.Debug|Any CPU.Build.0 = Debug|Any CPU
		{871B15E4-8E97-4C82-89F8-21625C437BB3}.Debug|x64.ActiveCfg = Debug|Any CPU
		{871B15E4-8E97-4C82-89F8-21625C437BB3}.Debug|x64.Build.0 = Debug|Any CPU
		{871B15E4-8E97-4C82-89F8-21625C437BB3}.Debug|x86.ActiveCfg = Debug|Any CPU
		{871B15E4-8E97-4C82-89F8-21625C437BB3}.Debug|x86.Build.0 = Debug|Any CPU
		{871B15E4-8E97-4C82-89F8-21625C437BB3}.Release|Any CPU.ActiveCfg = Release|Any CPU
		{871B15E4-8E97-4C82-89F8-21625C437BB3}.Release|Any CPU.Build.0 = Release|Any CPU
		{871B15E4-8E97-4C82-89F8-21625C437BB3}.Release|x64.ActiveCfg = Release|Any CPU
		{871B15E4-8E97-4C82-89F8-21625C437BB3}.Release|x64.Build.0 = Release|Any CPU
		{871B15E4-8E97-4C82-89F8-21625C437BB3}.Release|x86.ActiveCfg = Release|Any CPU
		{871B15E4-8E97-4C82-89F8-21625C437BB3}.Release|x86.Build.0 = Release|Any CPU
		{443A8E7C-CD4B-401C-827C-16E8B92BB8B9}.Debug|Any CPU.ActiveCfg = Debug|Any CPU
		{443A8E7C-CD4B-401C-827C-16E8B92BB8B9}.Debug|Any CPU.Build.0 = Debug|Any CPU
		{443A8E7C-CD4B-401C-827C-16E8B92BB8B9}.Debug|x64.ActiveCfg = Debug|Any CPU
		{443A8E7C-CD4B-401C-827C-16E8B92BB8B9}.Debug|x64.Build.0 = Debug|Any CPU
		{443A8E7C-CD4B-401C-827C-16E8B92BB8B9}.Debug|x86.ActiveCfg = Debug|Any CPU
		{443A8E7C-CD4B-401C-827C-16E8B92BB8B9}.Debug|x86.Build.0 = Debug|Any CPU
		{443A8E7C-CD4B-401C-827C-16E8B92BB8B9}.Release|Any CPU.ActiveCfg = Release|Any CPU
		{443A8E7C-CD4B-401C-827C-16E8B92BB8B9}.Release|Any CPU.Build.0 = Release|Any CPU
		{443A8E7C-CD4B-401C-827C-16E8B92BB8B9}.Release|x64.ActiveCfg = Release|Any CPU
		{443A8E7C-CD4B-401C-827C-16E8B92BB8B9}.Release|x64.Build.0 = Release|Any CPU
		{443A8E7C-CD4B-401C-827C-16E8B92BB8B9}.Release|x86.ActiveCfg = Release|Any CPU
		{443A8E7C-CD4B-401C-827C-16E8B92BB8B9}.Release|x86.Build.0 = Release|Any CPU
		{94ACF8F2-971D-4E48-9A71-C1E2B5E4F6AD}.Debug|Any CPU.ActiveCfg = Debug|Any CPU
		{94ACF8F2-971D-4E48-9A71-C1E2B5E4F6AD}.Debug|Any CPU.Build.0 = Debug|Any CPU
		{94ACF8F2-971D-4E48-9A71-C1E2B5E4F6AD}.Debug|x64.ActiveCfg = Debug|Any CPU
		{94ACF8F2-971D-4E48-9A71-C1E2B5E4F6AD}.Debug|x64.Build.0 = Debug|Any CPU
		{94ACF8F2-971D-4E48-9A71-C1E2B5E4F6AD}.Debug|x86.ActiveCfg = Debug|Any CPU
		{94ACF8F2-971D-4E48-9A71-C1E2B5E4F6AD}.Debug|x86.Build.0 = Debug|Any CPU
		{94ACF8F2-971D-4E48-9A71-C1E2B5E4F6AD}.Release|Any CPU.ActiveCfg = Release|Any CPU
		{94ACF8F2-971D-4E48-9A71-C1E2B5E4F6AD}.Release|Any CPU.Build.0 = Release|Any CPU
		{94ACF8F2-971D-4E48-9A71-C1E2B5E4F6AD}.Release|x64.ActiveCfg = Release|Any CPU
		{94ACF8F2-971D-4E48-9A71-C1E2B5E4F6AD}.Release|x64.Build.0 = Release|Any CPU
		{94ACF8F2-971D-4E48-9A71-C1E2B5E4F6AD}.Release|x86.ActiveCfg = Release|Any CPU
		{94ACF8F2-971D-4E48-9A71-C1E2B5E4F6AD}.Release|x86.Build.0 = Release|Any CPU
		{A6D032C4-F886-46F0-BCCB-259F41A81B92}.Debug|Any CPU.ActiveCfg = Debug|Any CPU
		{A6D032C4-F886-46F0-BCCB-259F41A81B92}.Debug|Any CPU.Build.0 = Debug|Any CPU
		{A6D032C4-F886-46F0-BCCB-259F41A81B92}.Debug|x64.ActiveCfg = Debug|Any CPU
		{A6D032C4-F886-46F0-BCCB-259F41A81B92}.Debug|x64.Build.0 = Debug|Any CPU
		{A6D032C4-F886-46F0-BCCB-259F41A81B92}.Debug|x86.ActiveCfg = Debug|Any CPU
		{A6D032C4-F886-46F0-BCCB-259F41A81B92}.Debug|x86.Build.0 = Debug|Any CPU
		{A6D032C4-F886-46F0-BCCB-259F41A81B92}.Release|Any CPU.ActiveCfg = Release|Any CPU
		{A6D032C4-F886-46F0-BCCB-259F41A81B92}.Release|Any CPU.Build.0 = Release|Any CPU
		{A6D032C4-F886-46F0-BCCB-259F41A81B92}.Release|x64.ActiveCfg = Release|Any CPU
		{A6D032C4-F886-46F0-BCCB-259F41A81B92}.Release|x64.Build.0 = Release|Any CPU
		{A6D032C4-F886-46F0-BCCB-259F41A81B92}.Release|x86.ActiveCfg = Release|Any CPU
		{A6D032C4-F886-46F0-BCCB-259F41A81B92}.Release|x86.Build.0 = Release|Any CPU
		{F4CC5DC4-8AB2-4B92-BB30-40982BDD3519}.Debug|Any CPU.ActiveCfg = Debug|Any CPU
		{F4CC5DC4-8AB2-4B92-BB30-40982BDD3519}.Debug|Any CPU.Build.0 = Debug|Any CPU
		{F4CC5DC4-8AB2-4B92-BB30-40982BDD3519}.Debug|x64.ActiveCfg = Debug|Any CPU
		{F4CC5DC4-8AB2-4B92-BB30-40982BDD3519}.Debug|x64.Build.0 = Debug|Any CPU
		{F4CC5DC4-8AB2-4B92-BB30-40982BDD3519}.Debug|x86.ActiveCfg = Debug|Any CPU
		{F4CC5DC4-8AB2-4B92-BB30-40982BDD3519}.Debug|x86.Build.0 = Debug|Any CPU
		{F4CC5DC4-8AB2-4B92-BB30-40982BDD3519}.Release|Any CPU.ActiveCfg = Release|Any CPU
		{F4CC5DC4-8AB2-4B92-BB30-40982BDD3519}.Release|Any CPU.Build.0 = Release|Any CPU
		{F4CC5DC4-8AB2-4B92-BB30-40982BDD3519}.Release|x64.ActiveCfg = Release|Any CPU
		{F4CC5DC4-8AB2-4B92-BB30-40982BDD3519}.Release|x64.Build.0 = Release|Any CPU
		{F4CC5DC4-8AB2-4B92-BB30-40982BDD3519}.Release|x86.ActiveCfg = Release|Any CPU
		{F4CC5DC4-8AB2-4B92-BB30-40982BDD3519}.Release|x86.Build.0 = Release|Any CPU
		{6F8A4169-1CA1-447E-95F7-8BD0838C82C0}.Debug|Any CPU.ActiveCfg = Debug|Any CPU
		{6F8A4169-1CA1-447E-95F7-8BD0838C82C0}.Debug|Any CPU.Build.0 = Debug|Any CPU
		{6F8A4169-1CA1-447E-95F7-8BD0838C82C0}.Debug|x64.ActiveCfg = Debug|Any CPU
		{6F8A4169-1CA1-447E-95F7-8BD0838C82C0}.Debug|x64.Build.0 = Debug|Any CPU
		{6F8A4169-1CA1-447E-95F7-8BD0838C82C0}.Debug|x86.ActiveCfg = Debug|Any CPU
		{6F8A4169-1CA1-447E-95F7-8BD0838C82C0}.Debug|x86.Build.0 = Debug|Any CPU
		{6F8A4169-1CA1-447E-95F7-8BD0838C82C0}.Release|Any CPU.ActiveCfg = Release|Any CPU
		{6F8A4169-1CA1-447E-95F7-8BD0838C82C0}.Release|Any CPU.Build.0 = Release|Any CPU
		{6F8A4169-1CA1-447E-95F7-8BD0838C82C0}.Release|x64.ActiveCfg = Release|Any CPU
		{6F8A4169-1CA1-447E-95F7-8BD0838C82C0}.Release|x64.Build.0 = Release|Any CPU
		{6F8A4169-1CA1-447E-95F7-8BD0838C82C0}.Release|x86.ActiveCfg = Release|Any CPU
		{6F8A4169-1CA1-447E-95F7-8BD0838C82C0}.Release|x86.Build.0 = Release|Any CPU
		{3AB561AF-252F-4F69-9670-67794A69A7E1}.Debug|Any CPU.ActiveCfg = Debug|Any CPU
		{3AB561AF-252F-4F69-9670-67794A69A7E1}.Debug|Any CPU.Build.0 = Debug|Any CPU
		{3AB561AF-252F-4F69-9670-67794A69A7E1}.Debug|x64.ActiveCfg = Debug|Any CPU
		{3AB561AF-252F-4F69-9670-67794A69A7E1}.Debug|x64.Build.0 = Debug|Any CPU
		{3AB561AF-252F-4F69-9670-67794A69A7E1}.Debug|x86.ActiveCfg = Debug|Any CPU
		{3AB561AF-252F-4F69-9670-67794A69A7E1}.Debug|x86.Build.0 = Debug|Any CPU
		{3AB561AF-252F-4F69-9670-67794A69A7E1}.Release|Any CPU.ActiveCfg = Release|Any CPU
		{3AB561AF-252F-4F69-9670-67794A69A7E1}.Release|Any CPU.Build.0 = Release|Any CPU
		{3AB561AF-252F-4F69-9670-67794A69A7E1}.Release|x64.ActiveCfg = Release|Any CPU
		{3AB561AF-252F-4F69-9670-67794A69A7E1}.Release|x64.Build.0 = Release|Any CPU
		{3AB561AF-252F-4F69-9670-67794A69A7E1}.Release|x86.ActiveCfg = Release|Any CPU
		{3AB561AF-252F-4F69-9670-67794A69A7E1}.Release|x86.Build.0 = Release|Any CPU
		{5753FC13-05AC-414F-B2B2-F2EFB8EDEC6F}.Debug|Any CPU.ActiveCfg = Debug|Any CPU
		{5753FC13-05AC-414F-B2B2-F2EFB8EDEC6F}.Debug|Any CPU.Build.0 = Debug|Any CPU
		{5753FC13-05AC-414F-B2B2-F2EFB8EDEC6F}.Debug|x64.ActiveCfg = Debug|Any CPU
		{5753FC13-05AC-414F-B2B2-F2EFB8EDEC6F}.Debug|x64.Build.0 = Debug|Any CPU
		{5753FC13-05AC-414F-B2B2-F2EFB8EDEC6F}.Debug|x86.ActiveCfg = Debug|Any CPU
		{5753FC13-05AC-414F-B2B2-F2EFB8EDEC6F}.Debug|x86.Build.0 = Debug|Any CPU
		{5753FC13-05AC-414F-B2B2-F2EFB8EDEC6F}.Release|Any CPU.ActiveCfg = Release|Any CPU
		{5753FC13-05AC-414F-B2B2-F2EFB8EDEC6F}.Release|Any CPU.Build.0 = Release|Any CPU
		{5753FC13-05AC-414F-B2B2-F2EFB8EDEC6F}.Release|x64.ActiveCfg = Release|Any CPU
		{5753FC13-05AC-414F-B2B2-F2EFB8EDEC6F}.Release|x64.Build.0 = Release|Any CPU
		{5753FC13-05AC-414F-B2B2-F2EFB8EDEC6F}.Release|x86.ActiveCfg = Release|Any CPU
		{5753FC13-05AC-414F-B2B2-F2EFB8EDEC6F}.Release|x86.Build.0 = Release|Any CPU
		{76A83564-4F32-4CC0-9F33-F4E56FC04497}.Debug|Any CPU.ActiveCfg = Debug|Any CPU
		{76A83564-4F32-4CC0-9F33-F4E56FC04497}.Debug|Any CPU.Build.0 = Debug|Any CPU
		{76A83564-4F32-4CC0-9F33-F4E56FC04497}.Debug|x64.ActiveCfg = Debug|Any CPU
		{76A83564-4F32-4CC0-9F33-F4E56FC04497}.Debug|x64.Build.0 = Debug|Any CPU
		{76A83564-4F32-4CC0-9F33-F4E56FC04497}.Debug|x86.ActiveCfg = Debug|Any CPU
		{76A83564-4F32-4CC0-9F33-F4E56FC04497}.Debug|x86.Build.0 = Debug|Any CPU
		{76A83564-4F32-4CC0-9F33-F4E56FC04497}.Release|Any CPU.ActiveCfg = Release|Any CPU
		{76A83564-4F32-4CC0-9F33-F4E56FC04497}.Release|Any CPU.Build.0 = Release|Any CPU
		{76A83564-4F32-4CC0-9F33-F4E56FC04497}.Release|x64.ActiveCfg = Release|Any CPU
		{76A83564-4F32-4CC0-9F33-F4E56FC04497}.Release|x64.Build.0 = Release|Any CPU
		{76A83564-4F32-4CC0-9F33-F4E56FC04497}.Release|x86.ActiveCfg = Release|Any CPU
		{76A83564-4F32-4CC0-9F33-F4E56FC04497}.Release|x86.Build.0 = Release|Any CPU
		{639B8522-5DB3-4B21-A916-CDACC472C327}.Debug|Any CPU.ActiveCfg = Debug|Any CPU
		{639B8522-5DB3-4B21-A916-CDACC472C327}.Debug|Any CPU.Build.0 = Debug|Any CPU
		{639B8522-5DB3-4B21-A916-CDACC472C327}.Debug|x64.ActiveCfg = Debug|Any CPU
		{639B8522-5DB3-4B21-A916-CDACC472C327}.Debug|x64.Build.0 = Debug|Any CPU
		{639B8522-5DB3-4B21-A916-CDACC472C327}.Debug|x86.ActiveCfg = Debug|Any CPU
		{639B8522-5DB3-4B21-A916-CDACC472C327}.Debug|x86.Build.0 = Debug|Any CPU
		{639B8522-5DB3-4B21-A916-CDACC472C327}.Release|Any CPU.ActiveCfg = Release|Any CPU
		{639B8522-5DB3-4B21-A916-CDACC472C327}.Release|Any CPU.Build.0 = Release|Any CPU
		{639B8522-5DB3-4B21-A916-CDACC472C327}.Release|x64.ActiveCfg = Release|Any CPU
		{639B8522-5DB3-4B21-A916-CDACC472C327}.Release|x64.Build.0 = Release|Any CPU
		{639B8522-5DB3-4B21-A916-CDACC472C327}.Release|x86.ActiveCfg = Release|Any CPU
		{639B8522-5DB3-4B21-A916-CDACC472C327}.Release|x86.Build.0 = Release|Any CPU
	EndGlobalSection
	GlobalSection(SolutionProperties) = preSolution
		HideSolutionNode = FALSE
	EndGlobalSection
	GlobalSection(NestedProjects) = preSolution
		{6306A8FB-679E-111F-6585-8F70E0EE6013} = {827E0CD3-B72D-47B6-A68D-7590B98EB39B}
		{91086277-A355-4B63-A02E-911F18AD461D} = {6306A8FB-679E-111F-6585-8F70E0EE6013}
		{C8E42992-5E42-0C2B-DBFE-AA848D06431C} = {827E0CD3-B72D-47B6-A68D-7590B98EB39B}
		{25B4B2A3-D853-4DC2-BFFA-F83FD7D3C1FB} = {C8E42992-5E42-0C2B-DBFE-AA848D06431C}
		{02024736-B275-4555-9224-E8666D15D3F6} = {C8E42992-5E42-0C2B-DBFE-AA848D06431C}
		{1D76CFC6-2087-43DD-A548-B7F8D1FFA425} = {C8E42992-5E42-0C2B-DBFE-AA848D06431C}
		{984BB9B3-3FA3-BE33-9484-CAC21695A33C} = {827E0CD3-B72D-47B6-A68D-7590B98EB39B}
		{A52FF9A7-1006-A729-7F26-021652E10080} = {984BB9B3-3FA3-BE33-9484-CAC21695A33C}
		{B38331A7-306B-4C5A-9BEC-FC47B43DED61} = {A52FF9A7-1006-A729-7F26-021652E10080}
		{54D18862-E37F-4679-9526-2835F79E4987} = {A52FF9A7-1006-A729-7F26-021652E10080}
		{1DFFA3CE-F029-4695-AB9B-E2D852C5427A} = {A52FF9A7-1006-A729-7F26-021652E10080}
		{4ED83033-90E5-4620-B9C3-8DC3E99A2F0B} = {A52FF9A7-1006-A729-7F26-021652E10080}
		{31759427-4822-89CE-A13C-D1B7D539730B} = {984BB9B3-3FA3-BE33-9484-CAC21695A33C}
		{C9D1BBC6-7EBA-454B-BDB0-B4197FA6CE5B} = {31759427-4822-89CE-A13C-D1B7D539730B}
		{FACC4644-BC37-42A6-B09B-A40B83FF767F} = {31759427-4822-89CE-A13C-D1B7D539730B}
		{B4BA7038-A14E-4A54-87CA-85C713E4A1E0} = {31759427-4822-89CE-A13C-D1B7D539730B}
		{30448573-5632-4FC7-97F9-E60400A223ED} = {31759427-4822-89CE-A13C-D1B7D539730B}
		{79F7AB5B-C9C6-E880-12F2-EE4F8E7FAECD} = {984BB9B3-3FA3-BE33-9484-CAC21695A33C}
		{EF1A26B8-AA9C-4EA4-BD94-1674B14FC0D7} = {79F7AB5B-C9C6-E880-12F2-EE4F8E7FAECD}
		{0A45E71B-DCB5-4582-847C-5D67FCA97A84} = {79F7AB5B-C9C6-E880-12F2-EE4F8E7FAECD}
		{043E7058-ECCF-43D5-A194-B758B8DA6AB8} = {79F7AB5B-C9C6-E880-12F2-EE4F8E7FAECD}
		{B893D741-A9D9-46ED-A531-1F53A7292C9F} = {79F7AB5B-C9C6-E880-12F2-EE4F8E7FAECD}
		{40CB294E-2A2C-AA7D-5466-10F40F0DAD4F} = {984BB9B3-3FA3-BE33-9484-CAC21695A33C}
		{F6B92B43-DD13-4C55-8B27-9A332748822C} = {40CB294E-2A2C-AA7D-5466-10F40F0DAD4F}
		{853AB99E-D5B7-4447-9B8F-68C7D34BA024} = {40CB294E-2A2C-AA7D-5466-10F40F0DAD4F}
		{815AE7BE-47FE-4370-9627-8EB358592284} = {40CB294E-2A2C-AA7D-5466-10F40F0DAD4F}
		{9ED58787-3769-4626-9E3D-A9D7DC04628C} = {40CB294E-2A2C-AA7D-5466-10F40F0DAD4F}
		{F5625D22-DF6D-6E20-0384-6B2F7CAD8697} = {984BB9B3-3FA3-BE33-9484-CAC21695A33C}
		{C6504942-3FC3-421D-95FE-0E84D4B16C0A} = {F5625D22-DF6D-6E20-0384-6B2F7CAD8697}
		{F3AB1985-E957-4207-99A3-4FD323A43350} = {F5625D22-DF6D-6E20-0384-6B2F7CAD8697}
		{450C904B-7076-46AE-A198-4E3C08529B13} = {F5625D22-DF6D-6E20-0384-6B2F7CAD8697}
		{E0518888-30CF-4F97-9B7C-F8FBE60DF331} = {F5625D22-DF6D-6E20-0384-6B2F7CAD8697}
		{47931FAB-DBE1-FD8F-0AFF-2CD4B99C52C4} = {984BB9B3-3FA3-BE33-9484-CAC21695A33C}
		{74229E94-B9E6-4ADB-A51A-91D68206E3CA} = {47931FAB-DBE1-FD8F-0AFF-2CD4B99C52C4}
		{4928A2BB-D397-4A2D-A4F4-CC7FCA8041BD} = {47931FAB-DBE1-FD8F-0AFF-2CD4B99C52C4}
		{871B15E4-8E97-4C82-89F8-21625C437BB3} = {47931FAB-DBE1-FD8F-0AFF-2CD4B99C52C4}
		{443A8E7C-CD4B-401C-827C-16E8B92BB8B9} = {47931FAB-DBE1-FD8F-0AFF-2CD4B99C52C4}
		{3B0F8DB9-7541-6E0F-3186-D4323088E4C2} = {984BB9B3-3FA3-BE33-9484-CAC21695A33C}
		{94ACF8F2-971D-4E48-9A71-C1E2B5E4F6AD} = {3B0F8DB9-7541-6E0F-3186-D4323088E4C2}
		{A6D032C4-F886-46F0-BCCB-259F41A81B92} = {3B0F8DB9-7541-6E0F-3186-D4323088E4C2}
		{F4CC5DC4-8AB2-4B92-BB30-40982BDD3519} = {3B0F8DB9-7541-6E0F-3186-D4323088E4C2}
		{6F8A4169-1CA1-447E-95F7-8BD0838C82C0} = {3B0F8DB9-7541-6E0F-3186-D4323088E4C2}
		{4D24BFC3-EDA7-F64F-2D32-7D150918E918} = {984BB9B3-3FA3-BE33-9484-CAC21695A33C}
		{3AB561AF-252F-4F69-9670-67794A69A7E1} = {4D24BFC3-EDA7-F64F-2D32-7D150918E918}
		{5753FC13-05AC-414F-B2B2-F2EFB8EDEC6F} = {4D24BFC3-EDA7-F64F-2D32-7D150918E918}
		{76A83564-4F32-4CC0-9F33-F4E56FC04497} = {4D24BFC3-EDA7-F64F-2D32-7D150918E918}
		{639B8522-5DB3-4B21-A916-CDACC472C327} = {4D24BFC3-EDA7-F64F-2D32-7D150918E918}
	EndGlobalSection
	GlobalSection(ExtensibilityGlobals) = postSolution
		SolutionGuid = {23B20A10-6514-4A07-B6FE-DCAD8F4A0FF2}
	EndGlobalSection
EndGlobal
